
Microsoft Visual Studio Solution File, Format Version 12.00
# Visual Studio Version 17
VisualStudioVersion = 17.8.34408.163
MinimumVisualStudioVersion = 10.0.40219.1
Project("{9A19103F-16F7-4668-BE54-9A1E7A4F7556}") = "AppStore", "AppStore.csproj", "{D7BF61B3-3A5E-4611-8D7D-595295BF611D}"
EndProject
Project("{9A19103F-16F7-4668-BE54-9A1E7A4F7556}") = "AppStoreBOL", "..\AppStoreBOL\AppStoreBOL.csproj", "{5EB0D011-DF82-4E6F-9D0A-0C196022F0AF}"
EndProject
Project("{9A19103F-16F7-4668-BE54-9A1E7A4F7556}") = "AppStoreDAL", "..\AppStoreDAL\AppStoreDAL.csproj", "{D6F57B87-F463-4869-A96E-3BF130D73BB2}"
EndProject
Project("{9A19103F-16F7-4668-BE54-9A1E7A4F7556}") = "AppStoreBLL", "..\AppStoreBLL\AppStoreBLL.csproj", "{06F52507-B113-470B-8B74-44125A7B332D}"
EndProject
Project("{9A19103F-16F7-4668-BE54-9A1E7A4F7556}") = "AppStoreWF", "..\AppStoreWF\AppStoreWF.csproj", "{B2721B1F-9A6E-44CC-B4DE-6F217D09F2DE}"
EndProject
Project("{9A19103F-16F7-4668-BE54-9A1E7A4F7556}") = "AppStoreWebApi", "..\AppStoreWebApi\AppStoreWebApi.csproj", "{2879558A-AF39-43FD-AD90-1AE0C57024D6}"
EndProject
Project("{9A19103F-16F7-4668-BE54-9A1E7A4F7556}") = "AppStoreWFApi", "..\AppStoreWFApi\AppStoreWFApi.csproj", "{17863C91-BF4A-4267-AC0F-8ECB90F921BC}"
EndProject
Project("{FAE04EC0-301F-11D3-BF4B-00C04F79EFBC}") = "AppStoreWebApi1", "..\AppStoreWebApi1\AppStoreWebApi1.csproj", "{76325E94-5A54-47BF-BECE-8940BC22185A}"
EndProject
Global
	GlobalSection(SolutionConfigurationPlatforms) = preSolution
		Debug|Any CPU = Debug|Any CPU
		Release|Any CPU = Release|Any CPU
	EndGlobalSection
	GlobalSection(ProjectConfigurationPlatforms) = postSolution
		{D7BF61B3-3A5E-4611-8D7D-595295BF611D}.Debug|Any CPU.ActiveCfg = Debug|Any CPU
		{D7BF61B3-3A5E-4611-8D7D-595295BF611D}.Debug|Any CPU.Build.0 = Debug|Any CPU
		{D7BF61B3-3A5E-4611-8D7D-595295BF611D}.Release|Any CPU.ActiveCfg = Release|Any CPU
		{D7BF61B3-3A5E-4611-8D7D-595295BF611D}.Release|Any CPU.Build.0 = Release|Any CPU
		{5EB0D011-DF82-4E6F-9D0A-0C196022F0AF}.Debug|Any CPU.ActiveCfg = Debug|Any CPU
		{5EB0D011-DF82-4E6F-9D0A-0C196022F0AF}.Debug|Any CPU.Build.0 = Debug|Any CPU
		{5EB0D011-DF82-4E6F-9D0A-0C196022F0AF}.Release|Any CPU.ActiveCfg = Release|Any CPU
		{5EB0D011-DF82-4E6F-9D0A-0C196022F0AF}.Release|Any CPU.Build.0 = Release|Any CPU
		{D6F57B87-F463-4869-A96E-3BF130D73BB2}.Debug|Any CPU.ActiveCfg = Debug|Any CPU
		{D6F57B87-F463-4869-A96E-3BF130D73BB2}.Debug|Any CPU.Build.0 = Debug|Any CPU
		{D6F57B87-F463-4869-A96E-3BF130D73BB2}.Release|Any CPU.ActiveCfg = Release|Any CPU
		{D6F57B87-F463-4869-A96E-3BF130D73BB2}.Release|Any CPU.Build.0 = Release|Any CPU
		{06F52507-B113-470B-8B74-44125A7B332D}.Debug|Any CPU.ActiveCfg = Debug|Any CPU
		{06F52507-B113-470B-8B74-44125A7B332D}.Debug|Any CPU.Build.0 = Debug|Any CPU
		{06F52507-B113-470B-8B74-44125A7B332D}.Release|Any CPU.ActiveCfg = Release|Any CPU
		{06F52507-B113-470B-8B74-44125A7B332D}.Release|Any CPU.Build.0 = Release|Any CPU
		{B2721B1F-9A6E-44CC-B4DE-6F217D09F2DE}.Debug|Any CPU.ActiveCfg = Debug|Any CPU
		{B2721B1F-9A6E-44CC-B4DE-6F217D09F2DE}.Debug|Any CPU.Build.0 = Debug|Any CPU
		{B2721B1F-9A6E-44CC-B4DE-6F217D09F2DE}.Release|Any CPU.ActiveCfg = Release|Any CPU
		{B2721B1F-9A6E-44CC-B4DE-6F217D09F2DE}.Release|Any CPU.Build.0 = Release|Any CPU
		{2879558A-AF39-43FD-AD90-1AE0C57024D6}.Debug|Any CPU.ActiveCfg = Debug|Any CPU
		{2879558A-AF39-43FD-AD90-1AE0C57024D6}.Debug|Any CPU.Build.0 = Debug|Any CPU
		{2879558A-AF39-43FD-AD90-1AE0C57024D6}.Release|Any CPU.ActiveCfg = Release|Any CPU
		{2879558A-AF39-43FD-AD90-1AE0C57024D6}.Release|Any CPU.Build.0 = Release|Any CPU
		{17863C91-BF4A-4267-AC0F-8ECB90F921BC}.Debug|Any CPU.ActiveCfg = Debug|Any CPU
		{17863C91-BF4A-4267-AC0F-8ECB90F921BC}.Debug|Any CPU.Build.0 = Debug|Any CPU
		{17863C91-BF4A-4267-AC0F-8ECB90F921BC}.Release|Any CPU.ActiveCfg = Release|Any CPU
		{17863C91-BF4A-4267-AC0F-8ECB90F921BC}.Release|Any CPU.Build.0 = Release|Any CPU
		{76325E94-5A54-47BF-BECE-8940BC22185A}.Debug|Any CPU.ActiveCfg = Debug|Any CPU
		{76325E94-5A54-47BF-BECE-8940BC22185A}.Debug|Any CPU.Build.0 = Debug|Any CPU
		{76325E94-5A54-47BF-BECE-8940BC22185A}.Release|Any CPU.ActiveCfg = Release|Any CPU
		{76325E94-5A54-47BF-BECE-8940BC22185A}.Release|Any CPU.Build.0 = Release|Any CPU
	EndGlobalSection
	GlobalSection(SolutionProperties) = preSolution
		HideSolutionNode = FALSE
	EndGlobalSection
	GlobalSection(ExtensibilityGlobals) = postSolution
		SolutionGuid = {0E81C83C-F43D-400A-AAA2-CA5545669473}
	EndGlobalSection
EndGlobal
